
Microsoft Visual Studio Solution File, Format Version 12.00
# Visual Studio Version 16
VisualStudioVersion = 16.0.29728.190
MinimumVisualStudioVersion = 10.0.40219.1
Project("{FAE04EC0-301F-11D3-BF4B-00C04F79EFBC}") = "deploy", "deploy.csproj", "{05D1F7A6-1AC0-482A-B723-27AF3E374689}"
EndProject
Global
	GlobalSection(SolutionConfigurationPlatforms) = preSolution
		Debug|Any CPU = Debug|Any CPU
		Release|Any CPU = Release|Any CPU
	EndGlobalSection
	GlobalSection(ProjectConfigurationPlatforms) = postSolution
		{05D1F7A6-1AC0-482A-B723-27AF3E374689}.Debug|Any CPU.ActiveCfg = Debug|Any CPU
		{05D1F7A6-1AC0-482A-B723-27AF3E374689}.Debug|Any CPU.Build.0 = Debug|Any CPU
		{05D1F7A6-1AC0-482A-B723-27AF3E374689}.Release|Any CPU.ActiveCfg = Release|Any CPU
		{05D1F7A6-1AC0-482A-B723-27AF3E374689}.Release|Any CPU.Build.0 = Release|Any CPU
	EndGlobalSection
	GlobalSection(SolutionProperties) = preSolution
		HideSolutionNode = FALSE
	EndGlobalSection
	GlobalSection(ExtensibilityGlobals) = postSolution
		SolutionGuid = {85EF5009-75F2-4A9C-A384-D2FA03A21270}
	EndGlobalSection
EndGlobal
